
Microsoft Visual Studio Solution File, Format Version 12.00
# Visual Studio 14
VisualStudioVersion = 14.0.25420.1
MinimumVisualStudioVersion = 10.0.40219.1
Project("{FAE04EC0-301F-11D3-BF4B-00C04F79EFBC}") = "Hyper_Galaxy", "Hyper Galaxy\Hyper_Galaxy\Hyper_Galaxy.csproj", "{D64F0A23-3652-46FF-A5A4-FC55EBC2D8B9}"
EndProject
Project("{96E2B04D-8817-42C6-938A-82C39BA4D311}") = "Hyper_GalaxyContent", "Hyper Galaxy\Hyper_GalaxyContent\Hyper_GalaxyContent.contentproj", "{406CC5FD-8867-4D9D-B697-8EC7FF85F5A7}"
EndProject
Global
	GlobalSection(SolutionConfigurationPlatforms) = preSolution
		Debug|x86 = Debug|x86
		Release|x86 = Release|x86
	EndGlobalSection
	GlobalSection(ProjectConfigurationPlatforms) = postSolution
		{D64F0A23-3652-46FF-A5A4-FC55EBC2D8B9}.Debug|x86.ActiveCfg = Debug|x86
		{D64F0A23-3652-46FF-A5A4-FC55EBC2D8B9}.Debug|x86.Build.0 = Debug|x86
		{D64F0A23-3652-46FF-A5A4-FC55EBC2D8B9}.Release|x86.ActiveCfg = Release|x86
		{D64F0A23-3652-46FF-A5A4-FC55EBC2D8B9}.Release|x86.Build.0 = Release|x86
		{406CC5FD-8867-4D9D-B697-8EC7FF85F5A7}.Debug|x86.ActiveCfg = Debug|x86
		{406CC5FD-8867-4D9D-B697-8EC7FF85F5A7}.Release|x86.ActiveCfg = Release|x86
	EndGlobalSection
	GlobalSection(SolutionProperties) = preSolution
		HideSolutionNode = FALSE
	EndGlobalSection
EndGlobal
